PODS:
  - boost (1.76.0)
  - DoubleConversion (1.1.6)
  - EXApplication (5.3.0):
    - ExpoModulesCore
  - EXConstants (14.4.2):
    - ExpoModulesCore
  - EXFileSystem (15.4.4):
    - ExpoModulesCore
  - EXFont (11.4.0):
    - ExpoModulesCore
  - Expo (49.0.6):
    - ExpoModulesCore
  - ExpoCrypto (12.4.1):
    - ExpoModulesCore
  - ExpoHead (0.0.11):
    - ExpoModulesCore
  - ExpoKeepAwake (12.3.0):
    - ExpoModulesCore
  - ExpoModulesCore (1.5.9):
    - RCT-Folly (= 2021.07.22.00)
    - React-Core
    - React-NativeModulesApple
    - React-RCTAppDelegate
    - ReactCommon/turbomodule/core
  - ExpoSQLite (11.3.3):
    - ExpoModulesCore
  - ExpoSystemUI (2.4.0):
    - ExpoModulesCore
  - ExpoWebBrowser (12.3.2):
    - ExpoModulesCore
  - EXSplashScreen (0.20.5):
    - ExpoModulesCore
    - RCT-Folly (= 2021.07.22.00)
    - React-Core
  - FBLazyVector (0.72.5)
  - FBReactNativeSpec (0.72.5):
    - RCT-Folly (= 2021.07.22.00)
    - RCTRequired (= 0.72.5)
    - RCTTypeSafety (= 0.72.5)
    - React-Core (= 0.72.5)
    - React-jsi (= 0.72.5)
    - ReactCommon/turbomodule/core (= 0.72.5)
  - fmt (6.2.1)
  - glog (0.3.5)
  - hermes-engine (0.72.5):
    - hermes-engine/Pre-built (= 0.72.5)
  - hermes-engine/Pre-built (0.72.5)
  - libevent (2.1.12)
  - Mute (0.6.1)
  - RCT-Folly (2021.07.22.00):
    - boost
    - DoubleConversion
    - fmt (~> 6.2.1)
    - glog
    - RCT-Folly/Default (= 2021.07.22.00)
  - RCT-Folly/Default (2021.07.22.00):
    - boost
    - DoubleConversion
    - fmt (~> 6.2.1)
    - glog
  - RCT-Folly/Futures (2021.07.22.00):
    - boost
    - DoubleConversion
    - fmt (~> 6.2.1)
    - glog
    - libevent
  - RCTRequired (0.72.5)
  - RCTTypeSafety (0.72.5):
    - FBLazyVector (= 0.72.5)
    - RCTRequired (= 0.72.5)
    - React-Core (= 0.72.5)
  - React (0.72.5):
    - React-Core (= 0.72.5)
    - React-Core/DevSupport (= 0.72.5)
    - React-Core/RCTWebSocket (= 0.72.5)
    - React-RCTActionSheet (= 0.72.5)
    - React-RCTAnimation (= 0.72.5)
    - React-RCTBlob (= 0.72.5)
    - React-RCTImage (= 0.72.5)
    - React-RCTLinking (= 0.72.5)
    - React-RCTNetwork (= 0.72.5)
    - React-RCTSettings (= 0.72.5)
    - React-RCTText (= 0.72.5)
    - React-RCTVibration (= 0.72.5)
  - React-callinvoker (0.72.5)
  - React-Codegen (0.72.5):
    - DoubleConversion
    - FBReactNativeSpec
    - glog
    - hermes-engine
    - RCT-Folly
    - RCTRequired
    - RCTTypeSafety
    - React-Core
    - React-jsi
    - React-jsiexecutor
    - React-NativeModulesApple
    - React-rncore
    - ReactCommon/turbomodule/bridging
    - ReactCommon/turbomodule/core
  - React-Core (0.72.5):
    - glog
    - hermes-engine
    - RCT-Folly (= 2021.07.22.00)
    - React-Core/Default (= 0.72.5)
    - React-cxxreact
    - React-hermes
    - React-jsi
    - React-jsiexecutor
    - React-perflogger
    - React-runtimeexecutor
    - React-utils
    - SocketRocket (= 0.6.1)
    - Yoga
  - React-Core/CoreModulesHeaders (0.72.5):
    - glog
    - hermes-engine
    - RCT-Folly (= 2021.07.22.00)
    - React-Core/Default
    - React-cxxreact
    - React-hermes
    - React-jsi
    - React-jsiexecutor
    - React-perflogger
    - React-runtimeexecutor
    - React-utils
    - SocketRocket (= 0.6.1)
    - Yoga
  - React-Core/Default (0.72.5):
    - glog
    - hermes-engine
    - RCT-Folly (= 2021.07.22.00)
    - React-cxxreact
    - React-hermes
    - React-jsi
    - React-jsiexecutor
    - React-perflogger
    - React-runtimeexecutor
    - React-utils
    - SocketRocket (= 0.6.1)
    - Yoga
  - React-Core/DevSupport (0.72.5):
    - glog
    - hermes-engine
    - RCT-Folly (= 2021.07.22.00)
    - React-Core/Default (= 0.72.5)
    - React-Core/RCTWebSocket (= 0.72.5)
    - React-cxxreact
    - React-hermes
    - React-jsi
    - React-jsiexecutor
    - React-jsinspector (= 0.72.5)
    - React-perflogger
    - React-runtimeexecutor
    - React-utils
    - SocketRocket (= 0.6.1)
    - Yoga
  - React-Core/RCTActionSheetHeaders (0.72.5):
    - glog
    - hermes-engine
    - RCT-Folly (= 2021.07.22.00)
    - React-Core/Default
    - React-cxxreact
    - React-hermes
    - React-jsi
    - React-jsiexecutor
    - React-perflogger
    - React-runtimeexecutor
    - React-utils
    - SocketRocket (= 0.6.1)
    - Yoga
  - React-Core/RCTAnimationHeaders (0.72.5):
    - glog
    - hermes-engine
    - RCT-Folly (= 2021.07.22.00)
    - React-Core/Default
    - React-cxxreact
    - React-hermes
    - React-jsi
    - React-jsiexecutor
    - React-perflogger
    - React-runtimeexecutor
    - React-utils
    - SocketRocket (= 0.6.1)
    - Yoga
  - React-Core/RCTBlobHeaders (0.72.5):
    - glog
    - hermes-engine
    - RCT-Folly (= 2021.07.22.00)
    - React-Core/Default
    - React-cxxreact
    - React-hermes
    - React-jsi
    - React-jsiexecutor
    - React-perflogger
    - React-runtimeexecutor
    - React-utils
    - SocketRocket (= 0.6.1)
    - Yoga
  - React-Core/RCTImageHeaders (0.72.5):
    - glog
    - hermes-engine
    - RCT-Folly (= 2021.07.22.00)
    - React-Core/Default
    - React-cxxreact
    - React-hermes
    - React-jsi
    - React-jsiexecutor
    - React-perflogger
    - React-runtimeexecutor
    - React-utils
    - SocketRocket (= 0.6.1)
    - Yoga
  - React-Core/RCTLinkingHeaders (0.72.5):
    - glog
    - hermes-engine
    - RCT-Folly (= 2021.07.22.00)
    - React-Core/Default
    - React-cxxreact
    - React-hermes
    - React-jsi
    - React-jsiexecutor
    - React-perflogger
    - React-runtimeexecutor
    - React-utils
    - SocketRocket (= 0.6.1)
    - Yoga
  - React-Core/RCTNetworkHeaders (0.72.5):
    - glog
    - hermes-engine
    - RCT-Folly (= 2021.07.22.00)
    - React-Core/Default
    - React-cxxreact
    - React-hermes
    - React-jsi
    - React-jsiexecutor
    - React-perflogger
    - React-runtimeexecutor
    - React-utils
    - SocketRocket (= 0.6.1)
    - Yoga
  - React-Core/RCTSettingsHeaders (0.72.5):
    - glog
    - hermes-engine
    - RCT-Folly (= 2021.07.22.00)
    - React-Core/Default
    - React-cxxreact
    - React-hermes
    - React-jsi
    - React-jsiexecutor
    - React-perflogger
    - React-runtimeexecutor
    - React-utils
    - SocketRocket (= 0.6.1)
    - Yoga
  - React-Core/RCTTextHeaders (0.72.5):
    - glog
    - hermes-engine
    - RCT-Folly (= 2021.07.22.00)
    - React-Core/Default
    - React-cxxreact
    - React-hermes
    - React-jsi
    - React-jsiexecutor
    - React-perflogger
    - React-runtimeexecutor
    - React-utils
    - SocketRocket (= 0.6.1)
    - Yoga
  - React-Core/RCTVibrationHeaders (0.72.5):
    - glog
    - hermes-engine
    - RCT-Folly (= 2021.07.22.00)
    - React-Core/Default
    - React-cxxreact
    - React-hermes
    - React-jsi
    - React-jsiexecutor
    - React-perflogger
    - React-runtimeexecutor
    - React-utils
    - SocketRocket (= 0.6.1)
    - Yoga
  - React-Core/RCTWebSocket (0.72.5):
    - glog
    - hermes-engine
    - RCT-Folly (= 2021.07.22.00)
    - React-Core/Default (= 0.72.5)
    - React-cxxreact
    - React-hermes
    - React-jsi
    - React-jsiexecutor
    - React-perflogger
    - React-runtimeexecutor
    - React-utils
    - SocketRocket (= 0.6.1)
    - Yoga
  - React-CoreModules (0.72.5):
    - RCT-Folly (= 2021.07.22.00)
    - RCTTypeSafety (= 0.72.5)
    - React-Codegen (= 0.72.5)
    - React-Core/CoreModulesHeaders (= 0.72.5)
    - React-jsi (= 0.72.5)
    - React-RCTBlob
    - React-RCTImage (= 0.72.5)
    - ReactCommon/turbomodule/core (= 0.72.5)
    - SocketRocket (= 0.6.1)
  - React-cxxreact (0.72.5):
    - boost (= 1.76.0)
    - DoubleConversion
    - glog
    - hermes-engine
    - RCT-Folly (= 2021.07.22.00)
    - React-callinvoker (= 0.72.5)
    - React-debug (= 0.72.5)
    - React-jsi (= 0.72.5)
    - React-jsinspector (= 0.72.5)
    - React-logger (= 0.72.5)
    - React-perflogger (= 0.72.5)
    - React-runtimeexecutor (= 0.72.5)
  - React-debug (0.72.5)
  - React-hermes (0.72.5):
    - DoubleConversion
    - glog
    - hermes-engine
    - RCT-Folly (= 2021.07.22.00)
    - RCT-Folly/Futures (= 2021.07.22.00)
    - React-cxxreact (= 0.72.5)
    - React-jsi
    - React-jsiexecutor (= 0.72.5)
    - React-jsinspector (= 0.72.5)
    - React-perflogger (= 0.72.5)
  - React-jsi (0.72.5):
    - boost (= 1.76.0)
    - DoubleConversion
    - glog
    - hermes-engine
    - RCT-Folly (= 2021.07.22.00)
  - React-jsiexecutor (0.72.5):
    - DoubleConversion
    - glog
    - hermes-engine
    - RCT-Folly (= 2021.07.22.00)
    - React-cxxreact (= 0.72.5)
    - React-jsi (= 0.72.5)
    - React-perflogger (= 0.72.5)
  - React-jsinspector (0.72.5)
  - React-logger (0.72.5):
    - glog
  - react-native-airplay-button (1.1.0):
    - React-Core
  - react-native-get-random-values (1.9.0):
    - React-Core
  - react-native-progress-view (1.4.2):
    - React-Core
  - react-native-safe-area-context (4.6.3):
    - RCT-Folly
    - RCTRequired
    - RCTTypeSafety
    - React-Core
    - ReactCommon/turbomodule/core
  - react-native-slider (4.4.2):
    - React-Core
  - react-native-volume-manager (1.10.0):
    - Mute
    - React-Core
  - React-NativeModulesApple (0.72.5):
    - hermes-engine
    - React-callinvoker
    - React-Core
    - React-cxxreact
    - React-jsi
    - React-runtimeexecutor
    - ReactCommon/turbomodule/bridging
    - ReactCommon/turbomodule/core
  - React-perflogger (0.72.5)
  - React-RCTActionSheet (0.72.5):
    - React-Core/RCTActionSheetHeaders (= 0.72.5)
  - React-RCTAnimation (0.72.5):
    - RCT-Folly (= 2021.07.22.00)
    - RCTTypeSafety (= 0.72.5)
    - React-Codegen (= 0.72.5)
    - React-Core/RCTAnimationHeaders (= 0.72.5)
    - React-jsi (= 0.72.5)
    - ReactCommon/turbomodule/core (= 0.72.5)
  - React-RCTAppDelegate (0.72.5):
    - RCT-Folly
    - RCTRequired
    - RCTTypeSafety
    - React-Core
    - React-CoreModules
    - React-hermes
    - React-NativeModulesApple
    - React-RCTImage
    - React-RCTNetwork
    - React-runtimescheduler
    - ReactCommon/turbomodule/core
  - React-RCTBlob (0.72.5):
    - hermes-engine
    - RCT-Folly (= 2021.07.22.00)
    - React-Codegen (= 0.72.5)
    - React-Core/RCTBlobHeaders (= 0.72.5)
    - React-Core/RCTWebSocket (= 0.72.5)
    - React-jsi (= 0.72.5)
    - React-RCTNetwork (= 0.72.5)
    - ReactCommon/turbomodule/core (= 0.72.5)
  - React-RCTImage (0.72.5):
    - RCT-Folly (= 2021.07.22.00)
    - RCTTypeSafety (= 0.72.5)
    - React-Codegen (= 0.72.5)
    - React-Core/RCTImageHeaders (= 0.72.5)
    - React-jsi (= 0.72.5)
    - React-RCTNetwork (= 0.72.5)
    - ReactCommon/turbomodule/core (= 0.72.5)
  - React-RCTLinking (0.72.5):
    - React-Codegen (= 0.72.5)
    - React-Core/RCTLinkingHeaders (= 0.72.5)
    - React-jsi (= 0.72.5)
    - ReactCommon/turbomodule/core (= 0.72.5)
  - React-RCTNetwork (0.72.5):
    - RCT-Folly (= 2021.07.22.00)
    - RCTTypeSafety (= 0.72.5)
    - React-Codegen (= 0.72.5)
    - React-Core/RCTNetworkHeaders (= 0.72.5)
    - React-jsi (= 0.72.5)
    - ReactCommon/turbomodule/core (= 0.72.5)
  - React-RCTSettings (0.72.5):
    - RCT-Folly (= 2021.07.22.00)
    - RCTTypeSafety (= 0.72.5)
    - React-Codegen (= 0.72.5)
    - React-Core/RCTSettingsHeaders (= 0.72.5)
    - React-jsi (= 0.72.5)
    - ReactCommon/turbomodule/core (= 0.72.5)
  - React-RCTText (0.72.5):
    - React-Core/RCTTextHeaders (= 0.72.5)
  - React-RCTVibration (0.72.5):
    - RCT-Folly (= 2021.07.22.00)
    - React-Codegen (= 0.72.5)
    - React-Core/RCTVibrationHeaders (= 0.72.5)
    - React-jsi (= 0.72.5)
    - ReactCommon/turbomodule/core (= 0.72.5)
  - React-rncore (0.72.5)
  - React-runtimeexecutor (0.72.5):
    - React-jsi (= 0.72.5)
  - React-runtimescheduler (0.72.5):
    - glog
    - hermes-engine
    - RCT-Folly (= 2021.07.22.00)
    - React-callinvoker
    - React-debug
    - React-jsi
    - React-runtimeexecutor
  - React-utils (0.72.5):
    - glog
    - RCT-Folly (= 2021.07.22.00)
    - React-debug
  - ReactCommon/turbomodule/bridging (0.72.5):
    - DoubleConversion
    - glog
    - hermes-engine
    - RCT-Folly (= 2021.07.22.00)
    - React-callinvoker (= 0.72.5)
    - React-cxxreact (= 0.72.5)
    - React-jsi (= 0.72.5)
    - React-logger (= 0.72.5)
    - React-perflogger (= 0.72.5)
  - ReactCommon/turbomodule/core (0.72.5):
    - DoubleConversion
    - glog
    - hermes-engine
    - RCT-Folly (= 2021.07.22.00)
    - React-callinvoker (= 0.72.5)
    - React-cxxreact (= 0.72.5)
    - React-jsi (= 0.72.5)
    - React-logger (= 0.72.5)
    - React-perflogger (= 0.72.5)
  - RealmJS (12.2.1):
    - React
  - RelistenAudioPlayer (2.4.0):
    - ExpoModulesCore
  - RNCAsyncStorage (1.18.2):
    - React-Core
  - RNGestureHandler (2.12.1):
    - React-Core
  - RNReanimated (3.3.0):
    - DoubleConversion
    - FBLazyVector
    - glog
    - hermes-engine
    - RCT-Folly
    - RCTRequired
    - RCTTypeSafety
    - React-callinvoker
    - React-Core
    - React-Core/DevSupport
    - React-Core/RCTWebSocket
    - React-CoreModules
    - React-cxxreact
    - React-hermes
    - React-jsi
    - React-jsiexecutor
    - React-jsinspector
    - React-RCTActionSheet
    - React-RCTAnimation
    - React-RCTAppDelegate
    - React-RCTBlob
    - React-RCTImage
    - React-RCTLinking
    - React-RCTNetwork
    - React-RCTSettings
    - React-RCTText
    - ReactCommon/turbomodule/core
    - Yoga
  - RNScreens (3.22.1):
    - React-Core
    - React-RCTImage
  - RNSVG (13.9.0):
    - React-Core
  - SocketRocket (0.6.1)
  - Yoga (1.14.0)

DEPENDENCIES:
  - boost (from `../node_modules/react-native/third-party-podspecs/boost.podspec`)
  - DoubleConversion (from `../node_modules/react-native/third-party-podspecs/DoubleConversion.podspec`)
  - EXApplication (from `../node_modules/expo-application/ios`)
  - EXConstants (from `../node_modules/expo-constants/ios`)
  - EXFileSystem (from `../node_modules/expo-file-system/ios`)
  - EXFont (from `../node_modules/expo-font/ios`)
  - Expo (from `../node_modules/expo`)
  - ExpoCrypto (from `../node_modules/expo-crypto/ios`)
  - ExpoHead (from `../node_modules/expo-head/ios`)
  - ExpoKeepAwake (from `../node_modules/expo-keep-awake/ios`)
  - ExpoModulesCore (from `../node_modules/expo-modules-core`)
  - ExpoSQLite (from `../node_modules/expo-sqlite/ios`)
  - ExpoSystemUI (from `../node_modules/expo-system-ui/ios`)
  - ExpoWebBrowser (from `../node_modules/expo-web-browser/ios`)
  - EXSplashScreen (from `../node_modules/expo-splash-screen/ios`)
  - FBLazyVector (from `../node_modules/react-native/Libraries/FBLazyVector`)
  - FBReactNativeSpec (from `../node_modules/react-native/React/FBReactNativeSpec`)
  - glog (from `../node_modules/react-native/third-party-podspecs/glog.podspec`)
  - hermes-engine (from `../node_modules/react-native/sdks/hermes-engine/hermes-engine.podspec`)
  - libevent (~> 2.1.12)
  - RCT-Folly (from `../node_modules/react-native/third-party-podspecs/RCT-Folly.podspec`)
  - RCTRequired (from `../node_modules/react-native/Libraries/RCTRequired`)
  - RCTTypeSafety (from `../node_modules/react-native/Libraries/TypeSafety`)
  - React (from `../node_modules/react-native/`)
  - React-callinvoker (from `../node_modules/react-native/ReactCommon/callinvoker`)
  - React-Codegen (from `build/generated/ios`)
  - React-Core (from `../node_modules/react-native/`)
  - React-Core/RCTWebSocket (from `../node_modules/react-native/`)
  - React-CoreModules (from `../node_modules/react-native/React/CoreModules`)
  - React-cxxreact (from `../node_modules/react-native/ReactCommon/cxxreact`)
  - React-debug (from `../node_modules/react-native/ReactCommon/react/debug`)
  - React-hermes (from `../node_modules/react-native/ReactCommon/hermes`)
  - React-jsi (from `../node_modules/react-native/ReactCommon/jsi`)
  - React-jsiexecutor (from `../node_modules/react-native/ReactCommon/jsiexecutor`)
  - React-jsinspector (from `../node_modules/react-native/ReactCommon/jsinspector`)
  - React-logger (from `../node_modules/react-native/ReactCommon/logger`)
  - react-native-airplay-button (from `../node_modules/react-native-airplay-button`)
  - react-native-get-random-values (from `../node_modules/react-native-get-random-values`)
  - "react-native-progress-view (from `../node_modules/@react-native-community/progress-view`)"
  - react-native-safe-area-context (from `../node_modules/react-native-safe-area-context`)
  - "react-native-slider (from `../node_modules/@react-native-community/slider`)"
  - react-native-volume-manager (from `../node_modules/react-native-volume-manager`)
  - React-NativeModulesApple (from `../node_modules/react-native/ReactCommon/react/nativemodule/core/platform/ios`)
  - React-perflogger (from `../node_modules/react-native/ReactCommon/reactperflogger`)
  - React-RCTActionSheet (from `../node_modules/react-native/Libraries/ActionSheetIOS`)
  - React-RCTAnimation (from `../node_modules/react-native/Libraries/NativeAnimation`)
  - React-RCTAppDelegate (from `../node_modules/react-native/Libraries/AppDelegate`)
  - React-RCTBlob (from `../node_modules/react-native/Libraries/Blob`)
  - React-RCTImage (from `../node_modules/react-native/Libraries/Image`)
  - React-RCTLinking (from `../node_modules/react-native/Libraries/LinkingIOS`)
  - React-RCTNetwork (from `../node_modules/react-native/Libraries/Network`)
  - React-RCTSettings (from `../node_modules/react-native/Libraries/Settings`)
  - React-RCTText (from `../node_modules/react-native/Libraries/Text`)
  - React-RCTVibration (from `../node_modules/react-native/Libraries/Vibration`)
  - React-rncore (from `../node_modules/react-native/ReactCommon`)
  - React-runtimeexecutor (from `../node_modules/react-native/ReactCommon/runtimeexecutor`)
  - React-runtimescheduler (from `../node_modules/react-native/ReactCommon/react/renderer/runtimescheduler`)
  - React-utils (from `../node_modules/react-native/ReactCommon/react/utils`)
  - ReactCommon/turbomodule/core (from `../node_modules/react-native/ReactCommon`)
  - RealmJS (from `../node_modules/realm`)
  - RelistenAudioPlayer (from `../modules/relisten-audio-player/ios`)
  - "RNCAsyncStorage (from `../node_modules/@react-native-async-storage/async-storage`)"
  - RNGestureHandler (from `../node_modules/react-native-gesture-handler`)
  - RNReanimated (from `../node_modules/react-native-reanimated`)
  - RNScreens (from `../node_modules/react-native-screens`)
  - RNSVG (from `../node_modules/react-native-svg`)
  - Yoga (from `../node_modules/react-native/ReactCommon/yoga`)

SPEC REPOS:
  trunk:
    - fmt
    - libevent
    - Mute
    - SocketRocket

EXTERNAL SOURCES:
  boost:
    :podspec: "../node_modules/react-native/third-party-podspecs/boost.podspec"
  DoubleConversion:
    :podspec: "../node_modules/react-native/third-party-podspecs/DoubleConversion.podspec"
  EXApplication:
    :path: "../node_modules/expo-application/ios"
  EXConstants:
    :path: "../node_modules/expo-constants/ios"
  EXFileSystem:
    :path: "../node_modules/expo-file-system/ios"
  EXFont:
    :path: "../node_modules/expo-font/ios"
  Expo:
    :path: "../node_modules/expo"
  ExpoCrypto:
    :path: "../node_modules/expo-crypto/ios"
  ExpoHead:
    :path: "../node_modules/expo-head/ios"
  ExpoKeepAwake:
    :path: "../node_modules/expo-keep-awake/ios"
  ExpoModulesCore:
    :path: "../node_modules/expo-modules-core"
  ExpoSQLite:
    :path: "../node_modules/expo-sqlite/ios"
  ExpoSystemUI:
    :path: "../node_modules/expo-system-ui/ios"
  ExpoWebBrowser:
    :path: "../node_modules/expo-web-browser/ios"
  EXSplashScreen:
    :path: "../node_modules/expo-splash-screen/ios"
  FBLazyVector:
    :path: "../node_modules/react-native/Libraries/FBLazyVector"
  FBReactNativeSpec:
    :path: "../node_modules/react-native/React/FBReactNativeSpec"
  glog:
    :podspec: "../node_modules/react-native/third-party-podspecs/glog.podspec"
  hermes-engine:
    :podspec: "../node_modules/react-native/sdks/hermes-engine/hermes-engine.podspec"
    :tag: hermes-2023-08-07-RNv0.72.4-813b2def12bc9df02654b3e3653ae4a68d0572e0
  RCT-Folly:
    :podspec: "../node_modules/react-native/third-party-podspecs/RCT-Folly.podspec"
  RCTRequired:
    :path: "../node_modules/react-native/Libraries/RCTRequired"
  RCTTypeSafety:
    :path: "../node_modules/react-native/Libraries/TypeSafety"
  React:
    :path: "../node_modules/react-native/"
  React-callinvoker:
    :path: "../node_modules/react-native/ReactCommon/callinvoker"
  React-Codegen:
    :path: build/generated/ios
  React-Core:
    :path: "../node_modules/react-native/"
  React-CoreModules:
    :path: "../node_modules/react-native/React/CoreModules"
  React-cxxreact:
    :path: "../node_modules/react-native/ReactCommon/cxxreact"
  React-debug:
    :path: "../node_modules/react-native/ReactCommon/react/debug"
  React-hermes:
    :path: "../node_modules/react-native/ReactCommon/hermes"
  React-jsi:
    :path: "../node_modules/react-native/ReactCommon/jsi"
  React-jsiexecutor:
    :path: "../node_modules/react-native/ReactCommon/jsiexecutor"
  React-jsinspector:
    :path: "../node_modules/react-native/ReactCommon/jsinspector"
  React-logger:
    :path: "../node_modules/react-native/ReactCommon/logger"
  react-native-airplay-button:
    :path: "../node_modules/react-native-airplay-button"
  react-native-get-random-values:
    :path: "../node_modules/react-native-get-random-values"
  react-native-progress-view:
    :path: "../node_modules/@react-native-community/progress-view"
  react-native-safe-area-context:
    :path: "../node_modules/react-native-safe-area-context"
  react-native-slider:
    :path: "../node_modules/@react-native-community/slider"
  react-native-volume-manager:
    :path: "../node_modules/react-native-volume-manager"
  React-NativeModulesApple:
    :path: "../node_modules/react-native/ReactCommon/react/nativemodule/core/platform/ios"
  React-perflogger:
    :path: "../node_modules/react-native/ReactCommon/reactperflogger"
  React-RCTActionSheet:
    :path: "../node_modules/react-native/Libraries/ActionSheetIOS"
  React-RCTAnimation:
    :path: "../node_modules/react-native/Libraries/NativeAnimation"
  React-RCTAppDelegate:
    :path: "../node_modules/react-native/Libraries/AppDelegate"
  React-RCTBlob:
    :path: "../node_modules/react-native/Libraries/Blob"
  React-RCTImage:
    :path: "../node_modules/react-native/Libraries/Image"
  React-RCTLinking:
    :path: "../node_modules/react-native/Libraries/LinkingIOS"
  React-RCTNetwork:
    :path: "../node_modules/react-native/Libraries/Network"
  React-RCTSettings:
    :path: "../node_modules/react-native/Libraries/Settings"
  React-RCTText:
    :path: "../node_modules/react-native/Libraries/Text"
  React-RCTVibration:
    :path: "../node_modules/react-native/Libraries/Vibration"
  React-rncore:
    :path: "../node_modules/react-native/ReactCommon"
  React-runtimeexecutor:
    :path: "../node_modules/react-native/ReactCommon/runtimeexecutor"
  React-runtimescheduler:
    :path: "../node_modules/react-native/ReactCommon/react/renderer/runtimescheduler"
  React-utils:
    :path: "../node_modules/react-native/ReactCommon/react/utils"
  ReactCommon:
    :path: "../node_modules/react-native/ReactCommon"
  RealmJS:
    :path: "../node_modules/realm"
  RelistenAudioPlayer:
    :path: "../modules/relisten-audio-player/ios"
  RNCAsyncStorage:
    :path: "../node_modules/@react-native-async-storage/async-storage"
  RNGestureHandler:
    :path: "../node_modules/react-native-gesture-handler"
  RNReanimated:
    :path: "../node_modules/react-native-reanimated"
  RNScreens:
    :path: "../node_modules/react-native-screens"
  RNSVG:
    :path: "../node_modules/react-native-svg"
  Yoga:
    :path: "../node_modules/react-native/ReactCommon/yoga"

SPEC CHECKSUMS:
  boost: 57d2868c099736d80fcd648bf211b4431e51a558
  DoubleConversion: 5189b271737e1565bdce30deb4a08d647e3f5f54
  EXApplication: 02655a251434d564bb0e73291f5a490c74b5b76f
  EXConstants: ce5bbea779da8031ac818c36bea41b10e14d04e1
  EXFileSystem: 2b826a3bf1071a4b80a8457e97124783d1ac860e
  EXFont: 738c44c390953ebcbab075a4848bfbef025fd9ee
  Expo: 5601f86edc81c7e7e1772b9af9ae58fa3b45ad53
  ExpoCrypto: a382ab9a2fa91f0b511ce1fe4d6baecee40a1615
  ExpoHead: 8da645502363b53eeb99d99276a0adbe0ec8cff0
  ExpoKeepAwake: be4cbd52d9b177cde0fd66daa1913afa3161fc1d
  ExpoModulesCore: 0a114333f029eaa2edc701334515b4e05343fac3
  ExpoSQLite: 56580c3f3c60057b073acd093e1fdac03de2da6b
  ExpoSystemUI: fa4854e3226e87f86d3383570264c6e4e90bc782
  ExpoWebBrowser: 2c788f9c07718a780fe6d8bf2f6195c47609faaa
  EXSplashScreen: 2c80621e4bc952f5bea328304c2436f5fe21c2a0
  FBLazyVector: 71803c074f6325f10b5ec891c443b6bbabef0ca7
  FBReactNativeSpec: 448e08a759d29a96e15725ae532445bf4343567c
  fmt: ff9d55029c625d3757ed641535fd4a75fedc7ce9
  glog: 04b94705f318337d7ead9e6d17c019bd9b1f6b1b
  hermes-engine: f6cf92a471053245614d9d8097736f6337d5b86c
  libevent: 4049cae6c81cdb3654a443be001fb9bdceff7913
  Mute: 20135a96076f140cc82bfc8b810e2d6150d8ec7e
  RCT-Folly: 424b8c9a7a0b9ab2886ffe9c3b041ef628fd4fb1
  RCTRequired: df81ab637d35fac9e6eb94611cfd20f0feb05455
  RCTTypeSafety: 4636e4a36c7c2df332bda6d59b19b41c443d4287
  React: e0cc5197a804031a6c53fb38483c3485fcb9d6f3
  React-callinvoker: 1a635856fe0c3d8b13fccd4ed7e76283b99b0868
  React-Codegen: 8169df63a7d5731337aad8f3c911a349a55932d3
  React-Core: cb6fb2637b5828a0944d4afc1c8678ffff570dcc
  React-CoreModules: c39f9ef5cf812b2b266c63364a8969b29d30ba2a
  React-cxxreact: 70284b32dcd367439d7dae84d9f72660544181b5
  React-debug: 93d183299eb4bd7b0bf8cb6e376f608e2a95b64f
  React-hermes: 91f97ea2669dc5847e1f26c243aaad913319c570
  React-jsi: bd68b7779746014f01ea72d1b738809e132d7f1e
  React-jsiexecutor: ff70a72027dea5cc7d71cfcc6fad7f599f63987a
  React-jsinspector: aef73cbd43b70675f572214d10fa438c89bf11ba
  React-logger: 2e4aee3e11b3ec4fa6cfd8004610bbb3b8d6cca4
  react-native-airplay-button: 90c7ba52402c8e92342003b8a1ff78dfb4357a9e
  react-native-get-random-values: dee677497c6a740b71e5612e8dbd83e7539ed5bb
  react-native-progress-view: fda23a769e325dd94f08439f6cfca5867fca32c0
  react-native-safe-area-context: 36cc67648134e89465663b8172336a19eeda493d
  react-native-slider: 33b8d190b59d4f67a541061bb91775d53d617d9d
  react-native-volume-manager: 3c7d8047841b6831730dea7bf25250522388b4f4
  React-NativeModulesApple: 54adc761c7a6fa5f183ca62ad0cb94f4f1cdce4a
  React-perflogger: cd8886513f68e1c135a1e79d20575c6489641597
  React-RCTActionSheet: 726d2615ca62a77ce3e2c13d87f65379cdc73498
  React-RCTAnimation: 0dcffbaab5acd05334d1d3b157f9275291e3a15b
  React-RCTAppDelegate: 48df00f9da9e3019fa0759d1ca900e9f586ef1b1
  React-RCTBlob: 5ccfb7a8353fad6edaf9a2456e184ceca8c77150
  React-RCTImage: a80cc7170c7cd07b7b109353c605930b24d14bcf
  React-RCTLinking: fb1add50b83dc4f3d39526d4ff5127f171cdad86
  React-RCTNetwork: 6acdb13f8df6cff487f87ac799a3839ce1d45dac
  React-RCTSettings: 0b8b7c2ebb78c540f7b0c0bbe46ab5481023f8a8
  React-RCTText: ce4499e4f2d8f85dc4b93ff0559313a016c4f3e2
  React-RCTVibration: abb9c73984f4f0052cf50efe0ae6d6f877a74843
  React-rncore: 3775c85216adc845837e5420c823a689aeaae630
  React-runtimeexecutor: 7e31e2bc6d0ecc83d4ba05eadc98401007abc10c
  React-runtimescheduler: f248b96bdf61c5e078d3fa689adce6894c900659
  React-utils: 40cdd9acee23230df5b78bf78a64ce8a2084c2d0
  ReactCommon: 4ec7cc40d091eed0a510755619940b6a03cb507b
  RealmJS: b36dae5c0def204602827884512252a320332c69
  RelistenAudioPlayer: 180c4135cfd2c86df85e8ea135175b6e05bf31bc
  RNCAsyncStorage: ddc4ee162bfd41b0d2c68bf2d95acd81dd7f1f93
  RNGestureHandler: c0d04458598fcb26052494ae23dda8f8f5162b13
  RNReanimated: 9f7068e43b9358a46a688d94a5a3adb258139457
  RNScreens: 50ffe2fa2342eabb2d0afbe19f7c1af286bc7fb3
  RNSVG: 53c661b76829783cdaf9b7a57258f3d3b4c28315
  SocketRocket: f32cd54efbe0f095c4d7594881e52619cfe80b17
  Yoga: 86fed2e4d425ee4c6eab3813ba1791101ee153c6

PODFILE CHECKSUM: 447622968f537f7215420c01db1e6665fea724d4

COCOAPODS: 1.13.0
